
Microsoft Visual Studio Solution File, Format Version 12.00
# Visual Studio Version 16
VisualStudioVersion = 16.0.29728.190
MinimumVisualStudioVersion = 10.0.40219.1
Project("{FAE04EC0-301F-11D3-BF4B-00C04F79EFBC}") = "DistributedTracing.AppA", "DistributedTracing.AppA\DistributedTracing.AppA.csproj", "{743D14DF-1359-48C0-8076-B2508EEA9762}"
EndProject
Project("{FAE04EC0-301F-11D3-BF4B-00C04F79EFBC}") = "DistributedTracing.AppB", "DistributedTracing.AppB\DistributedTracing.AppB.csproj", "{3B3C103C-1F37-49ED-AF93-9BA8D8F02BDA}"
EndProject
Global
	GlobalSection(SolutionConfigurationPlatforms) = preSolution
		Debug|Any CPU = Debug|Any CPU
		Release|Any CPU = Release|Any CPU
	EndGlobalSection
	GlobalSection(ProjectConfigurationPlatforms) = postSolution
		{743D14DF-1359-48C0-8076-B2508EEA9762}.Debug|Any CPU.ActiveCfg = Debug|Any CPU
		{743D14DF-1359-48C0-8076-B2508EEA9762}.Debug|Any CPU.Build.0 = Debug|Any CPU
		{743D14DF-1359-48C0-8076-B2508EEA9762}.Release|Any CPU.ActiveCfg = Release|Any CPU
		{743D14DF-1359-48C0-8076-B2508EEA9762}.Release|Any CPU.Build.0 = Release|Any CPU
		{3B3C103C-1F37-49ED-AF93-9BA8D8F02BDA}.Debug|Any CPU.ActiveCfg = Debug|Any CPU
		{3B3C103C-1F37-49ED-AF93-9BA8D8F02BDA}.Debug|Any CPU.Build.0 = Debug|Any CPU
		{3B3C103C-1F37-49ED-AF93-9BA8D8F02BDA}.Release|Any CPU.ActiveCfg = Release|Any CPU
		{3B3C103C-1F37-49ED-AF93-9BA8D8F02BDA}.Release|Any CPU.Build.0 = Release|Any CPU
	EndGlobalSection
	GlobalSection(SolutionProperties) = preSolution
		HideSolutionNode = FALSE
	EndGlobalSection
	GlobalSection(ExtensibilityGlobals) = postSolution
		SolutionGuid = {F0CFB2FB-C6E9-4736-A9CF-3E5E1AD3A105}
	EndGlobalSection
EndGlobal
